# THIS IS AN AUTOGENERATED FILE. DO NOT EDIT THIS FILE DIRECTLY.
# yarn lockfile v1


"@editorjs/editorjs@^2.18.0":
  version "2.18.0"
  resolved "https://registry.npm.taobao.org/@editorjs/editorjs/download/@editorjs/editorjs-2.18.0.tgz#bde42183013f5ca98693e77986cc9d8b2c9a1244"
  integrity sha1-veQhgwE/XKmGk+d5hsydiyyaEkQ=
  dependencies:
    codex-notifier "^1.1.2"
    codex-tooltip "^1.0.1"

codex-notifier@^1.1.2:
  version "1.1.2"
  resolved "https://registry.npm.taobao.org/codex-notifier/download/codex-notifier-1.1.2.tgz#a733079185f4c927fa296f1d71eb8753fe080895"
  integrity sha1-pzMHkYX0ySf6KW8dceuHU/4ICJU=

codex-tooltip@^1.0.1:
  version "1.0.1"
  resolved "https://registry.npm.taobao.org/codex-tooltip/download/codex-tooltip-1.0.1.tgz#f6e4f39d81507f9c455b667f1287746d14ee8056"
  integrity sha1-9uTznYFQf5xFW2Z/Eod0bRTugFY=
